
Microsoft Visual Studio Solution File, Format Version 12.00
# Visual Studio Version 16
VisualStudioVersion = 16.0.31624.102
MinimumVisualStudioVersion = 10.0.40219.1
Project("{9A19103F-16F7-4668-BE54-9A1E7A4F7556}") = "Targil0", "Targil0\Targil0.csproj", "{549BE808-E579-4205-B077-21AF402892A9}"
EndProject
Project("{2150E333-8FDC-42A3-9474-1A3956D46DE8}") = "Solution Items", "Solution Items", "{F64C2BF4-4451-4B08-891F-BB63B2B44537}"
	ProjectSection(SolutionItems) = preProject
		README.md = README.md
	EndProjectSection
EndProject
Project("{9A19103F-16F7-4668-BE54-9A1E7A4F7556}") = "ConsoleUI", "ConsoleUI\ConsoleUI.csproj", "{A7DD6427-C024-491C-8BD6-3D7307CAB738}"
EndProject
Project("{9A19103F-16F7-4668-BE54-9A1E7A4F7556}") = "DalObject", "DAL\DalObject.csproj", "{EBE535CB-F58E-486E-A295-36BC0609F309}"
EndProject
Project("{9A19103F-16F7-4668-BE54-9A1E7A4F7556}") = "BL", "BL\BL.csproj", "{0BDEC57E-6563-4EC8-BC62-CB2806CC17AA}"
	ProjectSection(ProjectDependencies) = postProject
		{EBE535CB-F58E-486E-A295-36BC0609F309} = {EBE535CB-F58E-486E-A295-36BC0609F309}
	EndProjectSection
EndProject
Project("{9A19103F-16F7-4668-BE54-9A1E7A4F7556}") = "ConsoleUI_BL", "ConsoleUI_BL\ConsoleUI_BL.csproj", "{6C372F3D-E5C6-47CA-B7AF-DF3F30760707}"
EndProject
Project("{9A19103F-16F7-4668-BE54-9A1E7A4F7556}") = "PL", "PL\PL.csproj", "{EBD040C7-7D69-47A2-AB2D-6A367BA0BDCC}"
EndProject
Project("{9A19103F-16F7-4668-BE54-9A1E7A4F7556}") = "DalFacade", "DalApi\DalFacade.csproj", "{861A0160-E999-4E7A-ACC8-86CFF9A9529C}"
EndProject
Project("{9A19103F-16F7-4668-BE54-9A1E7A4F7556}") = "DalXml", "DalXml\DalXml.csproj", "{502FAAC2-2CE5-4940-B2B3-138B4CDA3C40}"
EndProject
Project("{2150E333-8FDC-42A3-9474-1A3956D46DE8}") = "Data", "Data", "{DCE4788D-399C-4946-A506-412645036678}"
	ProjectSection(SolutionItems) = preProject
		Data\config.xml = Data\config.xml
		Data\Customer.xml = Data\Customer.xml
		dal-config.xml = dal-config.xml
		Data\Drone.xml = Data\Drone.xml
		Data\DroneCharge.xml = Data\DroneCharge.xml
		Data\Parcel.xml = Data\Parcel.xml
		..\..\..\Desktop\ParcelFree.xml = ..\..\..\Desktop\ParcelFree.xml
		Data\Station.xml = Data\Station.xml
	EndProjectSection
EndProject
Global
	GlobalSection(SolutionConfigurationPlatforms) = preSolution
		Debug|Any CPU = Debug|Any CPU
		Release|Any CPU = Release|Any CPU
	EndGlobalSection
	GlobalSection(ProjectConfigurationPlatforms) = postSolution
		{549BE808-E579-4205-B077-21AF402892A9}.Debug|Any CPU.ActiveCfg = Debug|Any CPU
		{549BE808-E579-4205-B077-21AF402892A9}.Debug|Any CPU.Build.0 = Debug|Any CPU
		{549BE808-E579-4205-B077-21AF402892A9}.Release|Any CPU.ActiveCfg = Release|Any CPU
		{549BE808-E579-4205-B077-21AF402892A9}.Release|Any CPU.Build.0 = Release|Any CPU
		{A7DD6427-C024-491C-8BD6-3D7307CAB738}.Debug|Any CPU.ActiveCfg = Debug|Any CPU
		{A7DD6427-C024-491C-8BD6-3D7307CAB738}.Debug|Any CPU.Build.0 = Debug|Any CPU
		{A7DD6427-C024-491C-8BD6-3D7307CAB738}.Release|Any CPU.ActiveCfg = Release|Any CPU
		{A7DD6427-C024-491C-8BD6-3D7307CAB738}.Release|Any CPU.Build.0 = Release|Any CPU
		{EBE535CB-F58E-486E-A295-36BC0609F309}.Debug|Any CPU.ActiveCfg = Debug|Any CPU
		{EBE535CB-F58E-486E-A295-36BC0609F309}.Debug|Any CPU.Build.0 = Debug|Any CPU
		{EBE535CB-F58E-486E-A295-36BC0609F309}.Release|Any CPU.ActiveCfg = Release|Any CPU
		{EBE535CB-F58E-486E-A295-36BC0609F309}.Release|Any CPU.Build.0 = Release|Any CPU
		{0BDEC57E-6563-4EC8-BC62-CB2806CC17AA}.Debug|Any CPU.ActiveCfg = Debug|Any CPU
		{0BDEC57E-6563-4EC8-BC62-CB2806CC17AA}.Debug|Any CPU.Build.0 = Debug|Any CPU
		{0BDEC57E-6563-4EC8-BC62-CB2806CC17AA}.Release|Any CPU.ActiveCfg = Release|Any CPU
		{0BDEC57E-6563-4EC8-BC62-CB2806CC17AA}.Release|Any CPU.Build.0 = Release|Any CPU
		{6C372F3D-E5C6-47CA-B7AF-DF3F30760707}.Debug|Any CPU.ActiveCfg = Debug|Any CPU
		{6C372F3D-E5C6-47CA-B7AF-DF3F30760707}.Debug|Any CPU.Build.0 = Debug|Any CPU
		{6C372F3D-E5C6-47CA-B7AF-DF3F30760707}.Release|Any CPU.ActiveCfg = Release|Any CPU
		{6C372F3D-E5C6-47CA-B7AF-DF3F30760707}.Release|Any CPU.Build.0 = Release|Any CPU
		{EBD040C7-7D69-47A2-AB2D-6A367BA0BDCC}.Debug|Any CPU.ActiveCfg = Debug|Any CPU
		{EBD040C7-7D69-47A2-AB2D-6A367BA0BDCC}.Debug|Any CPU.Build.0 = Debug|Any CPU
		{EBD040C7-7D69-47A2-AB2D-6A367BA0BDCC}.Release|Any CPU.ActiveCfg = Release|Any CPU
		{EBD040C7-7D69-47A2-AB2D-6A367BA0BDCC}.Release|Any CPU.Build.0 = Release|Any CPU
		{861A0160-E999-4E7A-ACC8-86CFF9A9529C}.Debug|Any CPU.ActiveCfg = Debug|Any CPU
		{861A0160-E999-4E7A-ACC8-86CFF9A9529C}.Debug|Any CPU.Build.0 = Debug|Any CPU
		{861A0160-E999-4E7A-ACC8-86CFF9A9529C}.Release|Any CPU.ActiveCfg = Release|Any CPU
		{861A0160-E999-4E7A-ACC8-86CFF9A9529C}.Release|Any CPU.Build.0 = Release|Any CPU
		{502FAAC2-2CE5-4940-B2B3-138B4CDA3C40}.Debug|Any CPU.ActiveCfg = Debug|Any CPU
		{502FAAC2-2CE5-4940-B2B3-138B4CDA3C40}.Debug|Any CPU.Build.0 = Debug|Any CPU
		{502FAAC2-2CE5-4940-B2B3-138B4CDA3C40}.Release|Any CPU.ActiveCfg = Release|Any CPU
		{502FAAC2-2CE5-4940-B2B3-138B4CDA3C40}.Release|Any CPU.Build.0 = Release|Any CPU
	EndGlobalSection
	GlobalSection(SolutionProperties) = preSolution
		HideSolutionNode = FALSE
	EndGlobalSection
	GlobalSection(NestedProjects) = preSolution
		{549BE808-E579-4205-B077-21AF402892A9} = {F64C2BF4-4451-4B08-891F-BB63B2B44537}
		{A7DD6427-C024-491C-8BD6-3D7307CAB738} = {F64C2BF4-4451-4B08-891F-BB63B2B44537}
		{6C372F3D-E5C6-47CA-B7AF-DF3F30760707} = {F64C2BF4-4451-4B08-891F-BB63B2B44537}
	EndGlobalSection
	GlobalSection(ExtensibilityGlobals) = postSolution
		SolutionGuid = {97AE05DF-E404-42BB-ADC8-1437DEFE783D}
	EndGlobalSection
EndGlobal
